{
  "version": 4,
  "terraform_version": "1.6.5",
  "serial": 6,
  "lineage": "4c8aa41c-ce8f-86bd-9a57-c788eeb354fe",
  "outputs": {
    "name": {
      "value": "application",
      "type": "string"
    }
  },
  "resources": [
    {
      "mode": "managed",
      "type": "kubernetes_deployment",
      "name": "nginx",
      "provider": "provider[\"registry.terraform.io/hashicorp/kubernetes\"]",
      "instances": [
        {
          "schema_version": 1,
          "attributes": {
            "id": "application/nginx",
            "metadata": [
              {
                "annotations": null,
                "generate_name": "",
                "generation": 1,
                "labels": null,
                "name": "nginx",
                "namespace": "application",
                "resource_version": "95657",
                "uid": "604ac690-f039-4068-af3d-336dcaaf45d0"
              }
            ],
            "spec": [
              {
                "min_ready_seconds": 0,
                "paused": false,
                "progress_deadline_seconds": 600,
                "replicas": "2",
                "revision_history_limit": 10,
                "selector": [
                  {
                    "match_expressions": [],
                    "match_labels": {
                      "app": "nginx"
                    }
                  }
                ],
                "strategy": [
                  {
                    "rolling_update": [
                      {
                        "max_surge": "25%",
                        "max_unavailable": "25%"
                      }
                    ],
                    "type": "RollingUpdate"
                  }
                ],
                "template": [
                  {
                    "metadata": [
                      {
                        "annotations": null,
                        "generate_name": "",
                        "generation": 0,
                        "labels": {
                          "app": "nginx"
                        },
                        "name": "",
                        "namespace": "",
                        "resource_version": "",
                        "uid": ""
                      }
                    ],
                    "spec": [
                      {
                        "active_deadline_seconds": 0,
                        "affinity": [],
                        "automount_service_account_token": true,
                        "container": [
                          {
                            "args": null,
                            "command": null,
                            "env": [],
                            "env_from": [],
                            "image": "nginx",
                            "image_pull_policy": "Always",
                            "lifecycle": [],
                            "liveness_probe": [],
                            "name": "nginx",
                            "port": [
                              {
                                "container_port": 80,
                                "host_ip": "",
                                "host_port": 0,
                                "name": "",
                                "protocol": "TCP"
                              }
                            ],
                            "readiness_probe": [],
                            "resources": [
                              {
                                "limits": {
                                  "cpu": "500m",
                                  "memory": "512Mi"
                                },
                                "requests": {
                                  "cpu": "250m",
                                  "memory": "50Mi"
                                }
                              }
                            ],
                            "security_context": [],
                            "startup_probe": [],
                            "stdin": false,
                            "stdin_once": false,
                            "termination_message_path": "/dev/termination-log",
                            "termination_message_policy": "File",
                            "tty": false,
                            "volume_mount": [],
                            "working_dir": ""
                          }
                        ],
                        "dns_config": [],
                        "dns_policy": "ClusterFirst",
                        "enable_service_links": true,
                        "host_aliases": [],
                        "host_ipc": false,
                        "host_network": false,
                        "host_pid": false,
                        "hostname": "",
                        "image_pull_secrets": [],
                        "init_container": [],
                        "node_name": "",
                        "node_selector": null,
                        "os": [],
                        "priority_class_name": "",
                        "readiness_gate": [],
                        "restart_policy": "Always",
                        "runtime_class_name": "",
                        "scheduler_name": "default-scheduler",
                        "security_context": [],
                        "service_account_name": "",
                        "share_process_namespace": false,
                        "subdomain": "",
                        "termination_grace_period_seconds": 30,
                        "toleration": [],
                        "topology_spread_constraint": [],
                        "volume": []
                      }
                    ]
                  }
                ]
              }
            ],
            "timeouts": null,
            "wait_for_rollout": true
          },
          "sensitive_attributes": [],
          "private": "eyJlMmJmYjczMC1lY2FhLTExZTYtOGY4OC0zNDM2M2JjN2M0YzAiOnsiY3JlYXRlIjo2MDAwMDAwMDAwMDAsImRlbGV0ZSI6NjAwMDAwMDAwMDAwLCJ1cGRhdGUiOjYwMDAwMDAwMDAwMH0sInNjaGVtYV92ZXJzaW9uIjoiMSJ9",
          "dependencies": [
            "kubernetes_namespace.terraform-minikube"
          ]
        }
      ]
    },
    {
      "mode": "managed",
      "type": "kubernetes_namespace",
      "name": "terraform-minikube",
      "provider": "provider[\"registry.terraform.io/hashicorp/kubernetes\"]",
      "instances": [
        {
          "schema_version": 0,
          "attributes": {
            "id": "application",
            "metadata": [
              {
                "annotations": null,
                "generate_name": "",
                "generation": 0,
                "labels": null,
                "name": "application",
                "resource_version": "95588",
                "uid": "05aa3837-76e3-4a9c-b375-f953b22513be"
              }
            ],
            "timeouts": null,
            "wait_for_default_service_account": false
          },
          "sensitive_attributes": [],
          "private": "eyJlMmJmYjczMC1lY2FhLTExZTYtOGY4OC0zNDM2M2JjN2M0YzAiOnsiZGVsZXRlIjozMDAwMDAwMDAwMDB9fQ=="
        }
      ]
    },
    {
      "mode": "managed",
      "type": "kubernetes_service",
      "name": "nginx",
      "provider": "provider[\"registry.terraform.io/hashicorp/kubernetes\"]",
      "instances": [
        {
          "schema_version": 1,
          "attributes": {
            "id": "application/nginx",
            "metadata": [
              {
                "annotations": null,
                "generate_name": "",
                "generation": 0,
                "labels": null,
                "name": "nginx",
                "namespace": "application",
                "resource_version": "95660",
                "uid": "acc5c9c3-3d03-419d-b047-7e77ae3c9ae4"
              }
            ],
            "spec": [
              {
                "allocate_load_balancer_node_ports": true,
                "cluster_ip": "10.108.93.217",
                "cluster_ips": [
                  "10.108.93.217"
                ],
                "external_ips": null,
                "external_name": "",
                "external_traffic_policy": "",
                "health_check_node_port": 0,
                "internal_traffic_policy": "Cluster",
                "ip_families": [
                  "IPv4"
                ],
                "ip_family_policy": "SingleStack",
                "load_balancer_class": "",
                "load_balancer_ip": "",
                "load_balancer_source_ranges": null,
                "port": [
                  {
                    "app_protocol": "",
                    "name": "",
                    "node_port": 0,
                    "port": 80,
                    "protocol": "TCP",
                    "target_port": "80"
                  }
                ],
                "publish_not_ready_addresses": false,
                "selector": {
                  "app": "nginx"
                },
                "session_affinity": "None",
                "session_affinity_config": [],
                "type": "ClusterIP"
              }
            ],
            "status": [
              {
                "load_balancer": [
                  {
                    "ingress": []
                  }
                ]
              }
            ],
            "timeouts": null,
            "wait_for_load_balancer": true
          },
          "sensitive_attributes": [],
          "private": "eyJlMmJmYjczMC1lY2FhLTExZTYtOGY4OC0zNDM2M2JjN2M0YzAiOnsiY3JlYXRlIjo2MDAwMDAwMDAwMDB9LCJzY2hlbWFfdmVyc2lvbiI6IjEifQ==",
          "dependencies": [
            "kubernetes_deployment.nginx",
            "kubernetes_namespace.terraform-minikube"
          ]
        }
      ]
    }
  ],
  "check_results": null
}
